
Microsoft Visual Studio Solution File, Format Version 12.00
# Visual Studio Version 17
VisualStudioVersion = 17.14.36429.23 d17.14
MinimumVisualStudioVersion = 10.0.40219.1
Project("{FAE04EC0-301F-11D3-BF4B-00C04F79EFBC}") = "WebUI", "ComedyFactory\WebUI.csproj", "{674B3F87-5419-43D0-B7F2-671696219CF3}"
EndProject
Project("{2150E333-8FDC-42A3-9474-1A3956D46DE8}") = "Web", "Web", "{02EA681E-C7D8-13C7-8484-4AC65E1B71E8}"
EndProject
Project("{2150E333-8FDC-42A3-9474-1A3956D46DE8}") = "Admin", "Admin", "{D32A7350-C365-4B0D-B329-3058849B1B0A}"
EndProject
Project("{2150E333-8FDC-42A3-9474-1A3956D46DE8}") = "Domain", "Domain", "{EAD80A9F-FF59-46D6-B57A-886274D71B90}"
EndProject
Project("{2150E333-8FDC-42A3-9474-1A3956D46DE8}") = "IOH", "IOH", "{2AA868F8-B135-4AF8-B0FD-85D8C24E17F5}"
EndProject
Project("{2150E333-8FDC-42A3-9474-1A3956D46DE8}") = "Data", "Data", "{B77391DF-DF70-446B-846D-1124C5D100DF}"
EndProject
Project("{FAE04EC0-301F-11D3-BF4B-00C04F79EFBC}") = "IOH", "IOH\IOH.csproj", "{12115EA3-2AE7-4FBC-92F6-390D2E7562E6}"
EndProject
Project("{FAE04EC0-301F-11D3-BF4B-00C04F79EFBC}") = "Domain", "Doman\Domain.csproj", "{89501B10-D51F-487A-9287-8F75FAB51C71}"
EndProject
Project("{FAE04EC0-301F-11D3-BF4B-00C04F79EFBC}") = "Data", "Data\Data.csproj", "{5EF8AB52-FE28-4B7C-B91E-EE23B9137AD6}"
EndProject
Project("{FAE04EC0-301F-11D3-BF4B-00C04F79EFBC}") = "Admin", "Admin\Admin.csproj", "{AF650696-5AE4-40E4-95D5-DE2D966D0EBE}"
EndProject
Global
	GlobalSection(SolutionConfigurationPlatforms) = preSolution
		Debug|Any CPU = Debug|Any CPU
		Release|Any CPU = Release|Any CPU
	EndGlobalSection
	GlobalSection(ProjectConfigurationPlatforms) = postSolution
		{674B3F87-5419-43D0-B7F2-671696219CF3}.Debug|Any CPU.ActiveCfg = Debug|Any CPU
		{674B3F87-5419-43D0-B7F2-671696219CF3}.Debug|Any CPU.Build.0 = Debug|Any CPU
		{674B3F87-5419-43D0-B7F2-671696219CF3}.Release|Any CPU.ActiveCfg = Release|Any CPU
		{674B3F87-5419-43D0-B7F2-671696219CF3}.Release|Any CPU.Build.0 = Release|Any CPU
		{12115EA3-2AE7-4FBC-92F6-390D2E7562E6}.Debug|Any CPU.ActiveCfg = Debug|Any CPU
		{12115EA3-2AE7-4FBC-92F6-390D2E7562E6}.Debug|Any CPU.Build.0 = Debug|Any CPU
		{12115EA3-2AE7-4FBC-92F6-390D2E7562E6}.Release|Any CPU.ActiveCfg = Release|Any CPU
		{12115EA3-2AE7-4FBC-92F6-390D2E7562E6}.Release|Any CPU.Build.0 = Release|Any CPU
		{89501B10-D51F-487A-9287-8F75FAB51C71}.Debug|Any CPU.ActiveCfg = Debug|Any CPU
		{89501B10-D51F-487A-9287-8F75FAB51C71}.Debug|Any CPU.Build.0 = Debug|Any CPU
		{89501B10-D51F-487A-9287-8F75FAB51C71}.Release|Any CPU.ActiveCfg = Release|Any CPU
		{89501B10-D51F-487A-9287-8F75FAB51C71}.Release|Any CPU.Build.0 = Release|Any CPU
		{5EF8AB52-FE28-4B7C-B91E-EE23B9137AD6}.Debug|Any CPU.ActiveCfg = Debug|Any CPU
		{5EF8AB52-FE28-4B7C-B91E-EE23B9137AD6}.Debug|Any CPU.Build.0 = Debug|Any CPU
		{5EF8AB52-FE28-4B7C-B91E-EE23B9137AD6}.Release|Any CPU.ActiveCfg = Release|Any CPU
		{5EF8AB52-FE28-4B7C-B91E-EE23B9137AD6}.Release|Any CPU.Build.0 = Release|Any CPU
		{AF650696-5AE4-40E4-95D5-DE2D966D0EBE}.Debug|Any CPU.ActiveCfg = Debug|Any CPU
		{AF650696-5AE4-40E4-95D5-DE2D966D0EBE}.Debug|Any CPU.Build.0 = Debug|Any CPU
		{AF650696-5AE4-40E4-95D5-DE2D966D0EBE}.Release|Any CPU.ActiveCfg = Release|Any CPU
		{AF650696-5AE4-40E4-95D5-DE2D966D0EBE}.Release|Any CPU.Build.0 = Release|Any CPU
	EndGlobalSection
	GlobalSection(SolutionProperties) = preSolution
		HideSolutionNode = FALSE
	EndGlobalSection
	GlobalSection(NestedProjects) = preSolution
		{674B3F87-5419-43D0-B7F2-671696219CF3} = {02EA681E-C7D8-13C7-8484-4AC65E1B71E8}
		{12115EA3-2AE7-4FBC-92F6-390D2E7562E6} = {2AA868F8-B135-4AF8-B0FD-85D8C24E17F5}
		{89501B10-D51F-487A-9287-8F75FAB51C71} = {EAD80A9F-FF59-46D6-B57A-886274D71B90}
		{5EF8AB52-FE28-4B7C-B91E-EE23B9137AD6} = {B77391DF-DF70-446B-846D-1124C5D100DF}
		{AF650696-5AE4-40E4-95D5-DE2D966D0EBE} = {D32A7350-C365-4B0D-B329-3058849B1B0A}
	EndGlobalSection
	GlobalSection(ExtensibilityGlobals) = postSolution
		SolutionGuid = {98FB656A-E372-4741-A7AB-A9A2FDD47CAB}
	EndGlobalSection
EndGlobal
